
Microsoft Visual Studio Solution File, Format Version 12.00
# Visual Studio Version 16
VisualStudioVersion = 16.0.29709.97
MinimumVisualStudioVersion = 15.0.26124.0
Project("{9A19103F-16F7-4668-BE54-9A1E7A4F7556}") = "Domain", "Domain\Domain.csproj", "{39B8080D-4235-4055-9402-606CA569B0B6}"
EndProject
Project("{9A19103F-16F7-4668-BE54-9A1E7A4F7556}") = "Application", "Application\Application.csproj", "{B8642A23-F3D2-4FCE-8F3A-10F3FEAEAFA6}"
EndProject
Project("{9A19103F-16F7-4668-BE54-9A1E7A4F7556}") = "API", "API\API.csproj", "{955BE6DE-3CAB-45CE-BD2A-4D64101CDC53}"
EndProject
Project("{9A19103F-16F7-4668-BE54-9A1E7A4F7556}") = "Persistence", "Persistence\Persistence.csproj", "{6ACB4A8A-AF30-4476-A276-02B68F6CA8FB}"
EndProject
Project("{9A19103F-16F7-4668-BE54-9A1E7A4F7556}") = "Infrastructure", "Infrastructure\Infrastructure.csproj", "{3C5A67DA-13F9-458A-AF73-D61C775CF36C}"
EndProject
Project("{9A19103F-16F7-4668-BE54-9A1E7A4F7556}") = "Azure", "Azure\Azure.csproj", "{C9E25546-7426-41CA-9E40-F426FAF96D68}"
EndProject
Project("{9A19103F-16F7-4668-BE54-9A1E7A4F7556}") = "Email", "Email\Email.csproj", "{DCA7E01E-2DD2-49ED-A8EC-D65E25C5B880}"
EndProject
Project("{9A19103F-16F7-4668-BE54-9A1E7A4F7556}") = "Templates", "Templates\Templates.csproj", "{F6C2BAF9-38F3-48A8-B430-9388719CFAFE}"
EndProject
Project("{9A19103F-16F7-4668-BE54-9A1E7A4F7556}") = "Application.Test", "Application.Test\Application.Test.csproj", "{F8EC5A05-1EDD-47BB-B23D-E0F1B886966B}"
EndProject
Global
	GlobalSection(SolutionConfigurationPlatforms) = preSolution
		Debug|Any CPU = Debug|Any CPU
		Debug|x64 = Debug|x64
		Debug|x86 = Debug|x86
		Release|Any CPU = Release|Any CPU
		Release|x64 = Release|x64
		Release|x86 = Release|x86
	EndGlobalSection
	GlobalSection(ProjectConfigurationPlatforms) = postSolution
		{39B8080D-4235-4055-9402-606CA569B0B6}.Debug|Any CPU.ActiveCfg = Debug|Any CPU
		{39B8080D-4235-4055-9402-606CA569B0B6}.Debug|Any CPU.Build.0 = Debug|Any CPU
		{39B8080D-4235-4055-9402-606CA569B0B6}.Debug|x64.ActiveCfg = Debug|Any CPU
		{39B8080D-4235-4055-9402-606CA569B0B6}.Debug|x64.Build.0 = Debug|Any CPU
		{39B8080D-4235-4055-9402-606CA569B0B6}.Debug|x86.ActiveCfg = Debug|Any CPU
		{39B8080D-4235-4055-9402-606CA569B0B6}.Debug|x86.Build.0 = Debug|Any CPU
		{39B8080D-4235-4055-9402-606CA569B0B6}.Release|Any CPU.ActiveCfg = Release|Any CPU
		{39B8080D-4235-4055-9402-606CA569B0B6}.Release|Any CPU.Build.0 = Release|Any CPU
		{39B8080D-4235-4055-9402-606CA569B0B6}.Release|x64.ActiveCfg = Release|Any CPU
		{39B8080D-4235-4055-9402-606CA569B0B6}.Release|x64.Build.0 = Release|Any CPU
		{39B8080D-4235-4055-9402-606CA569B0B6}.Release|x86.ActiveCfg = Release|Any CPU
		{39B8080D-4235-4055-9402-606CA569B0B6}.Release|x86.Build.0 = Release|Any CPU
		{B8642A23-F3D2-4FCE-8F3A-10F3FEAEAFA6}.Debug|Any CPU.ActiveCfg = Debug|Any CPU
		{B8642A23-F3D2-4FCE-8F3A-10F3FEAEAFA6}.Debug|Any CPU.Build.0 = Debug|Any CPU
		{B8642A23-F3D2-4FCE-8F3A-10F3FEAEAFA6}.Debug|x64.ActiveCfg = Debug|Any CPU
		{B8642A23-F3D2-4FCE-8F3A-10F3FEAEAFA6}.Debug|x64.Build.0 = Debug|Any CPU
		{B8642A23-F3D2-4FCE-8F3A-10F3FEAEAFA6}.Debug|x86.ActiveCfg = Debug|Any CPU
		{B8642A23-F3D2-4FCE-8F3A-10F3FEAEAFA6}.Debug|x86.Build.0 = Debug|Any CPU
		{B8642A23-F3D2-4FCE-8F3A-10F3FEAEAFA6}.Release|Any CPU.ActiveCfg = Release|Any CPU
		{B8642A23-F3D2-4FCE-8F3A-10F3FEAEAFA6}.Release|Any CPU.Build.0 = Release|Any CPU
		{B8642A23-F3D2-4FCE-8F3A-10F3FEAEAFA6}.Release|x64.ActiveCfg = Release|Any CPU
		{B8642A23-F3D2-4FCE-8F3A-10F3FEAEAFA6}.Release|x64.Build.0 = Release|Any CPU
		{B8642A23-F3D2-4FCE-8F3A-10F3FEAEAFA6}.Release|x86.ActiveCfg = Release|Any CPU
		{B8642A23-F3D2-4FCE-8F3A-10F3FEAEAFA6}.Release|x86.Build.0 = Release|Any CPU
		{955BE6DE-3CAB-45CE-BD2A-4D64101CDC53}.Debug|Any CPU.ActiveCfg = Debug|Any CPU
		{955BE6DE-3CAB-45CE-BD2A-4D64101CDC53}.Debug|Any CPU.Build.0 = Debug|Any CPU
		{955BE6DE-3CAB-45CE-BD2A-4D64101CDC53}.Debug|x64.ActiveCfg = Debug|Any CPU
		{955BE6DE-3CAB-45CE-BD2A-4D64101CDC53}.Debug|x64.Build.0 = Debug|Any CPU
		{955BE6DE-3CAB-45CE-BD2A-4D64101CDC53}.Debug|x86.ActiveCfg = Debug|Any CPU
		{955BE6DE-3CAB-45CE-BD2A-4D64101CDC53}.Debug|x86.Build.0 = Debug|Any CPU
		{955BE6DE-3CAB-45CE-BD2A-4D64101CDC53}.Release|Any CPU.ActiveCfg = Release|Any CPU
		{955BE6DE-3CAB-45CE-BD2A-4D64101CDC53}.Release|Any CPU.Build.0 = Release|Any CPU
		{955BE6DE-3CAB-45CE-BD2A-4D64101CDC53}.Release|x64.ActiveCfg = Release|Any CPU
		{955BE6DE-3CAB-45CE-BD2A-4D64101CDC53}.Release|x64.Build.0 = Release|Any CPU
		{955BE6DE-3CAB-45CE-BD2A-4D64101CDC53}.Release|x86.ActiveCfg = Release|Any CPU
		{955BE6DE-3CAB-45CE-BD2A-4D64101CDC53}.Release|x86.Build.0 = Release|Any CPU
		{6ACB4A8A-AF30-4476-A276-02B68F6CA8FB}.Debug|Any CPU.ActiveCfg = Debug|Any CPU
		{6ACB4A8A-AF30-4476-A276-02B68F6CA8FB}.Debug|Any CPU.Build.0 = Debug|Any CPU
		{6ACB4A8A-AF30-4476-A276-02B68F6CA8FB}.Debug|x64.ActiveCfg = Debug|Any CPU
		{6ACB4A8A-AF30-4476-A276-02B68F6CA8FB}.Debug|x64.Build.0 = Debug|Any CPU
		{6ACB4A8A-AF30-4476-A276-02B68F6CA8FB}.Debug|x86.ActiveCfg = Debug|Any CPU
		{6ACB4A8A-AF30-4476-A276-02B68F6CA8FB}.Debug|x86.Build.0 = Debug|Any CPU
		{6ACB4A8A-AF30-4476-A276-02B68F6CA8FB}.Release|Any CPU.ActiveCfg = Release|Any CPU
		{6ACB4A8A-AF30-4476-A276-02B68F6CA8FB}.Release|Any CPU.Build.0 = Release|Any CPU
		{6ACB4A8A-AF30-4476-A276-02B68F6CA8FB}.Release|x64.ActiveCfg = Release|Any CPU
		{6ACB4A8A-AF30-4476-A276-02B68F6CA8FB}.Release|x64.Build.0 = Release|Any CPU
		{6ACB4A8A-AF30-4476-A276-02B68F6CA8FB}.Release|x86.ActiveCfg = Release|Any CPU
		{6ACB4A8A-AF30-4476-A276-02B68F6CA8FB}.Release|x86.Build.0 = Release|Any CPU
		{3C5A67DA-13F9-458A-AF73-D61C775CF36C}.Debug|Any CPU.ActiveCfg = Debug|Any CPU
		{3C5A67DA-13F9-458A-AF73-D61C775CF36C}.Debug|Any CPU.Build.0 = Debug|Any CPU
		{3C5A67DA-13F9-458A-AF73-D61C775CF36C}.Debug|x64.ActiveCfg = Debug|Any CPU
		{3C5A67DA-13F9-458A-AF73-D61C775CF36C}.Debug|x64.Build.0 = Debug|Any CPU
		{3C5A67DA-13F9-458A-AF73-D61C775CF36C}.Debug|x86.ActiveCfg = Debug|Any CPU
		{3C5A67DA-13F9-458A-AF73-D61C775CF36C}.Debug|x86.Build.0 = Debug|Any CPU
		{3C5A67DA-13F9-458A-AF73-D61C775CF36C}.Release|Any CPU.ActiveCfg = Release|Any CPU
		{3C5A67DA-13F9-458A-AF73-D61C775CF36C}.Release|Any CPU.Build.0 = Release|Any CPU
		{3C5A67DA-13F9-458A-AF73-D61C775CF36C}.Release|x64.ActiveCfg = Release|Any CPU
		{3C5A67DA-13F9-458A-AF73-D61C775CF36C}.Release|x64.Build.0 = Release|Any CPU
		{3C5A67DA-13F9-458A-AF73-D61C775CF36C}.Release|x86.ActiveCfg = Release|Any CPU
		{3C5A67DA-13F9-458A-AF73-D61C775CF36C}.Release|x86.Build.0 = Release|Any CPU
		{C9E25546-7426-41CA-9E40-F426FAF96D68}.Debug|Any CPU.ActiveCfg = Debug|Any CPU
		{C9E25546-7426-41CA-9E40-F426FAF96D68}.Debug|Any CPU.Build.0 = Debug|Any CPU
		{C9E25546-7426-41CA-9E40-F426FAF96D68}.Debug|x64.ActiveCfg = Debug|Any CPU
		{C9E25546-7426-41CA-9E40-F426FAF96D68}.Debug|x64.Build.0 = Debug|Any CPU
		{C9E25546-7426-41CA-9E40-F426FAF96D68}.Debug|x86.ActiveCfg = Debug|Any CPU
		{C9E25546-7426-41CA-9E40-F426FAF96D68}.Debug|x86.Build.0 = Debug|Any CPU
		{C9E25546-7426-41CA-9E40-F426FAF96D68}.Release|Any CPU.ActiveCfg = Release|Any CPU
		{C9E25546-7426-41CA-9E40-F426FAF96D68}.Release|Any CPU.Build.0 = Release|Any CPU
		{C9E25546-7426-41CA-9E40-F426FAF96D68}.Release|x64.ActiveCfg = Release|Any CPU
		{C9E25546-7426-41CA-9E40-F426FAF96D68}.Release|x64.Build.0 = Release|Any CPU
		{C9E25546-7426-41CA-9E40-F426FAF96D68}.Release|x86.ActiveCfg = Release|Any CPU
		{C9E25546-7426-41CA-9E40-F426FAF96D68}.Release|x86.Build.0 = Release|Any CPU
		{DCA7E01E-2DD2-49ED-A8EC-D65E25C5B880}.Debug|Any CPU.ActiveCfg = Debug|Any CPU
		{DCA7E01E-2DD2-49ED-A8EC-D65E25C5B880}.Debug|Any CPU.Build.0 = Debug|Any CPU
		{DCA7E01E-2DD2-49ED-A8EC-D65E25C5B880}.Debug|x64.ActiveCfg = Debug|Any CPU
		{DCA7E01E-2DD2-49ED-A8EC-D65E25C5B880}.Debug|x64.Build.0 = Debug|Any CPU
		{DCA7E01E-2DD2-49ED-A8EC-D65E25C5B880}.Debug|x86.ActiveCfg = Debug|Any CPU
		{DCA7E01E-2DD2-49ED-A8EC-D65E25C5B880}.Debug|x86.Build.0 = Debug|Any CPU
		{DCA7E01E-2DD2-49ED-A8EC-D65E25C5B880}.Release|Any CPU.ActiveCfg = Release|Any CPU
		{DCA7E01E-2DD2-49ED-A8EC-D65E25C5B880}.Release|Any CPU.Build.0 = Release|Any CPU
		{DCA7E01E-2DD2-49ED-A8EC-D65E25C5B880}.Release|x64.ActiveCfg = Release|Any CPU
		{DCA7E01E-2DD2-49ED-A8EC-D65E25C5B880}.Release|x64.Build.0 = Release|Any CPU
		{DCA7E01E-2DD2-49ED-A8EC-D65E25C5B880}.Release|x86.ActiveCfg = Release|Any CPU
		{DCA7E01E-2DD2-49ED-A8EC-D65E25C5B880}.Release|x86.Build.0 = Release|Any CPU
		{F6C2BAF9-38F3-48A8-B430-9388719CFAFE}.Debug|Any CPU.ActiveCfg = Debug|Any CPU
		{F6C2BAF9-38F3-48A8-B430-9388719CFAFE}.Debug|Any CPU.Build.0 = Debug|Any CPU
		{F6C2BAF9-38F3-48A8-B430-9388719CFAFE}.Debug|x64.ActiveCfg = Debug|Any CPU
		{F6C2BAF9-38F3-48A8-B430-9388719CFAFE}.Debug|x64.Build.0 = Debug|Any CPU
		{F6C2BAF9-38F3-48A8-B430-9388719CFAFE}.Debug|x86.ActiveCfg = Debug|Any CPU
		{F6C2BAF9-38F3-48A8-B430-9388719CFAFE}.Debug|x86.Build.0 = Debug|Any CPU
		{F6C2BAF9-38F3-48A8-B430-9388719CFAFE}.Release|Any CPU.ActiveCfg = Release|Any CPU
		{F6C2BAF9-38F3-48A8-B430-9388719CFAFE}.Release|Any CPU.Build.0 = Release|Any CPU
		{F6C2BAF9-38F3-48A8-B430-9388719CFAFE}.Release|x64.ActiveCfg = Release|Any CPU
		{F6C2BAF9-38F3-48A8-B430-9388719CFAFE}.Release|x64.Build.0 = Release|Any CPU
		{F6C2BAF9-38F3-48A8-B430-9388719CFAFE}.Release|x86.ActiveCfg = Release|Any CPU
		{F6C2BAF9-38F3-48A8-B430-9388719CFAFE}.Release|x86.Build.0 = Release|Any CPU
		{F8EC5A05-1EDD-47BB-B23D-E0F1B886966B}.Debug|Any CPU.ActiveCfg = Debug|Any CPU
		{F8EC5A05-1EDD-47BB-B23D-E0F1B886966B}.Debug|Any CPU.Build.0 = Debug|Any CPU
		{F8EC5A05-1EDD-47BB-B23D-E0F1B886966B}.Debug|x64.ActiveCfg = Debug|Any CPU
		{F8EC5A05-1EDD-47BB-B23D-E0F1B886966B}.Debug|x64.Build.0 = Debug|Any CPU
		{F8EC5A05-1EDD-47BB-B23D-E0F1B886966B}.Debug|x86.ActiveCfg = Debug|Any CPU
		{F8EC5A05-1EDD-47BB-B23D-E0F1B886966B}.Debug|x86.Build.0 = Debug|Any CPU
		{F8EC5A05-1EDD-47BB-B23D-E0F1B886966B}.Release|Any CPU.ActiveCfg = Release|Any CPU
		{F8EC5A05-1EDD-47BB-B23D-E0F1B886966B}.Release|Any CPU.Build.0 = Release|Any CPU
		{F8EC5A05-1EDD-47BB-B23D-E0F1B886966B}.Release|x64.ActiveCfg = Release|Any CPU
		{F8EC5A05-1EDD-47BB-B23D-E0F1B886966B}.Release|x64.Build.0 = Release|Any CPU
		{F8EC5A05-1EDD-47BB-B23D-E0F1B886966B}.Release|x86.ActiveCfg = Release|Any CPU
		{F8EC5A05-1EDD-47BB-B23D-E0F1B886966B}.Release|x86.Build.0 = Release|Any CPU
	EndGlobalSection
	GlobalSection(SolutionProperties) = preSolution
		HideSolutionNode = FALSE
	EndGlobalSection
	GlobalSection(ExtensibilityGlobals) = postSolution
		SolutionGuid = {D3B6CAF7-02AE-46EB-A27C-C83112FD861E}
	EndGlobalSection
EndGlobal
